// !$*UTF8*$!
{
	archiveVersion = 1;
	classes = {
	};
	objectVersion = 46;
	objects = {

/* Begin PBXBuildFile section */
		96BDC77316B0D3EC0001402C /* Icon.png in Resources */ = {isa = PBXBuildFile; fileRef = 96BDC77216B0D3EC0001402C /* Icon.png */; };
		96BDC77516B0D3EF0001402C /* Icon@2x.png in Resources */ = {isa = PBXBuildFile; fileRef = 96BDC77416B0D3EF0001402C /* Icon@2x.png */; };
		96BDC77716B0D3F30001402C /* Default.png in Resources */ = {isa = PBXBuildFile; fileRef = 96BDC77616B0D3F30001402C /* Default.png */; };
		96BDC77916B0D3F60001402C /* Default@2x.png in Resources */ = {isa = PBXBuildFile; fileRef = 96BDC77816B0D3F60001402C /* Default@2x.png */; };
		96BDC77B16B0D3F90001402C /* Default-568h@2x.png in Resources */ = {isa = PBXBuildFile; fileRef = 96BDC77A16B0D3F90001402C /* Default-568h@2x.png */; };
		96BDC78916B0D4010001402C /* background.png in Resources */ = {isa = PBXBuildFile; fileRef = 96BDC77D16B0D4010001402C /* background.png */; };
		96BDC78A16B0D4010001402C /* background@2x.png in Resources */ = {isa = PBXBuildFile; fileRef = 96BDC77E16B0D4010001402C /* background@2x.png */; };
		96BDC78B16B0D4010001402C /* Icon-144.png in Resources */ = {isa = PBXBuildFile; fileRef = 96BDC77F16B0D4010001402C /* Icon-144.png */; };
		96BDC78C16B0D4010001402C /* Icon-72.png in Resources */ = {isa = PBXBuildFile; fileRef = 96BDC78016B0D4010001402C /* Icon-72.png */; };
		96BDC78D16B0D4010001402C /* Icon-Small-ipad.png in Resources */ = {isa = PBXBuildFile; fileRef = 96BDC78116B0D4010001402C /* Icon-Small-ipad.png */; };
		96BDC78E16B0D4010001402C /* Icon-Small-ipad@2x.png in Resources */ = {isa = PBXBuildFile; fileRef = 96BDC78216B0D4010001402C /* Icon-Small-ipad@2x.png */; };
		96BDC78F16B0D4010001402C /* Icon-Small.png in Resources */ = {isa = PBXBuildFile; fileRef = 96BDC78316B0D4010001402C /* Icon-Small.png */; };
		96BDC79016B0D4010001402C /* Icon-Small@2x.png in Resources */ = {isa = PBXBuildFile; fileRef = 96BDC78416B0D4010001402C /* Icon-Small@2x.png */; };
		96BDC79116B0D4010001402C /* iTunesArtwork in Resources */ = {isa = PBXBuildFile; fileRef = 96BDC78516B0D4010001402C /* iTunesArtwork */; };
		96BDC79216B0D4010001402C /* iTunesArtwork@2x in Resources */ = {isa = PBXBuildFile; fileRef = 96BDC78616B0D4010001402C /* iTunesArtwork@2x */; };
		96BDC79916B0DD4C0001402C /* QCViewController.xib in Resources */ = {isa = PBXBuildFile; fileRef = 96BDC79716B0DD4C0001402C /* QCViewController.xib */; };
		96BDC7A916B0DDEA0001402C /* InfoPlist.strings in Resources */ = {isa = PBXBuildFile; fileRef = 96BDC7A716B0DDEA0001402C /* InfoPlist.strings */; };
		96C7C8A9162850E100CBCE12 /* UIKit.framework in Frameworks */ = {isa = PBXBuildFile; fileRef = 96C7C8A8162850E100CBCE12 /* UIKit.framework */; };
		96C7C8AB162850E100CBCE12 /* Foundation.framework in Frameworks */ = {isa = PBXBuildFile; fileRef = 96C7C8AA162850E100CBCE12 /* Foundation.framework */; };
		96C7C8AD162850E100CBCE12 /* CoreGraphics.framework in Frameworks */ = {isa = PBXBuildFile; fileRef = 96C7C8AC162850E100CBCE12 /* CoreGraphics.framework */; };
		96C7C8B5162850E100CBCE12 /* main.m in Sources */ = {isa = PBXBuildFile; fileRef = 96C7C8B4162850E100CBCE12 /* main.m */; };
		96C7C8B9162850E100CBCE12 /* QCAppDelegate.m in Sources */ = {isa = PBXBuildFile; fileRef = 96C7C8B8162850E100CBCE12 /* QCAppDelegate.m */; };
		96C7C8BC162850E100CBCE12 /* QCViewController.m in Sources */ = {isa = PBXBuildFile; fileRef = 96C7C8BB162850E100CBCE12 /* QCViewController.m */; };
		96C7C8CF1628525E00CBCE12 /* QCXIBAccessbilityViewController.m in Sources */ = {isa = PBXBuildFile; fileRef = 96C7C8CD1628525E00CBCE12 /* QCXIBAccessbilityViewController.m */; };
		96C7C8D01628525E00CBCE12 /* QCXIBAccessbilityViewController.xib in Resources */ = {isa = PBXBuildFile; fileRef = 96C7C8CE1628525E00CBCE12 /* QCXIBAccessbilityViewController.xib */; };
		96C7C8D41628527C00CBCE12 /* QCCustomAccessbilityViewController.m in Sources */ = {isa = PBXBuildFile; fileRef = 96C7C8D21628527C00CBCE12 /* QCCustomAccessbilityViewController.m */; };
		96C7C8D51628527C00CBCE12 /* QCCustomAccessbilityViewController.xib in Resources */ = {isa = PBXBuildFile; fileRef = 96C7C8D31628527C00CBCE12 /* QCCustomAccessbilityViewController.xib */; };
		96C7C8E516285AE800CBCE12 /* QCCustomView.m in Sources */ = {isa = PBXBuildFile; fileRef = 96C7C8E416285AE800CBCE12 /* QCCustomView.m */; };
/* End PBXBuildFile section */

/* Begin PBXFileReference section */
		96BDC77216B0D3EC0001402C /* Icon.png */ = {isa = PBXFileReference; lastKnownFileType = image.png; name = Icon.png; path = ../Icon.png; sourceTree = "<group>"; };
		96BDC77416B0D3EF0001402C /* Icon@2x.png */ = {isa = PBXFileReference; lastKnownFileType = image.png; name = "Icon@2x.png"; path = "../Icon@2x.png"; sourceTree = "<group>"; };
		96BDC77616B0D3F30001402C /* Default.png */ = {isa = PBXFileReference; lastKnownFileType = image.png; name = Default.png; path = ../Default.png; sourceTree = "<group>"; };
		96BDC77816B0D3F60001402C /* Default@2x.png */ = {isa = PBXFileReference; lastKnownFileType = image.png; name = "Default@2x.png"; path = "../Default@2x.png"; sourceTree = "<group>"; };
		96BDC77A16B0D3F90001402C /* Default-568h@2x.png */ = {isa = PBXFileReference; lastKnownFileType = image.png; name = "Default-568h@2x.png"; path = "../Default-568h@2x.png"; sourceTree = "<group>"; };
		96BDC77D16B0D4010001402C /* background.png */ = {isa = PBXFileReference; lastKnownFileType = image.png; path = background.png; sourceTree = "<group>"; };
		96BDC77E16B0D4010001402C /* background@2x.png */ = {isa = PBXFileReference; lastKnownFileType = image.png; path = "background@2x.png"; sourceTree = "<group>"; };
		96BDC77F16B0D4010001402C /* Icon-144.png */ = {isa = PBXFileReference; lastKnownFileType = image.png; path = "Icon-144.png"; sourceTree = "<group>"; };
		96BDC78016B0D4010001402C /* Icon-72.png */ = {isa = PBXFileReference; lastKnownFileType = image.png; path = "Icon-72.png"; sourceTree = "<group>"; };
		96BDC78116B0D4010001402C /* Icon-Small-ipad.png */ = {isa = PBXFileReference; lastKnownFileType = image.png; path = "Icon-Small-ipad.png"; sourceTree = "<group>"; };
		96BDC78216B0D4010001402C /* Icon-Small-ipad@2x.png */ = {isa = PBXFileReference; lastKnownFileType = image.png; path = "Icon-Small-ipad@2x.png"; sourceTree = "<group>"; };
		96BDC78316B0D4010001402C /* Icon-Small.png */ = {isa = PBXFileReference; lastKnownFileType = image.png; path = "Icon-Small.png"; sourceTree = "<group>"; };
		96BDC78416B0D4010001402C /* Icon-Small@2x.png */ = {isa = PBXFileReference; lastKnownFileType = image.png; path = "Icon-Small@2x.png"; sourceTree = "<group>"; };
		96BDC78516B0D4010001402C /* iTunesArtwork */ = {isa = PBXFileReference; lastKnownFileType = file; path = iTunesArtwork; sourceTree = "<group>"; };
		96BDC78616B0D4010001402C /* iTunesArtwork@2x */ = {isa = PBXFileReference; lastKnownFileType = file; path = "iTunesArtwork@2x"; sourceTree = "<group>"; };
		96BDC79716B0DD4C0001402C /* QCViewController.xib */ = {isa = PBXFileReference; fileEncoding = 4; lastKnownFileType = file.xib; path = QCViewController.xib; sourceTree = "<group>"; };
		96BDC7A816B0DDEA0001402C /* en */ = {isa = PBXFileReference; lastKnownFileType = text.plist.strings; name = en; path = en.lproj/InfoPlist.strings; sourceTree = "<group>"; };
		96BDC7AA16B0DDEF0001402C /* zh-Hans */ = {isa = PBXFileReference; lastKnownFileType = text.plist.strings; name = "zh-Hans"; path = "zh-Hans.lproj/InfoPlist.strings"; sourceTree = "<group>"; };
		96C7C8A4162850E100CBCE12 /* testAccessbility.app */ = {isa = PBXFileReference; explicitFileType = wrapper.application; includeInIndex = 0; path = testAccessbility.app; sourceTree = BUILT_PRODUCTS_DIR; };
		96C7C8A8162850E100CBCE12 /* UIKit.framework */ = {isa = PBXFileReference; lastKnownFileType = wrapper.framework; name = UIKit.framework; path = System/Library/Frameworks/UIKit.framework; sourceTree = SDKROOT; };
		96C7C8AA162850E100CBCE12 /* Foundation.framework */ = {isa = PBXFileReference; lastKnownFileType = wrapper.framework; name = Foundation.framework; path = System/Library/Frameworks/Foundation.framework; sourceTree = SDKROOT; };
		96C7C8AC162850E100CBCE12 /* CoreGraphics.framework */ = {isa = PBXFileReference; lastKnownFileType = wrapper.framework; name = CoreGraphics.framework; path = System/Library/Frameworks/CoreGraphics.framework; sourceTree = SDKROOT; };
		96C7C8B0162850E100CBCE12 /* testAccessbility-Info.plist */ = {isa = PBXFileReference; lastKnownFileType = text.plist.xml; path = "testAccessbility-Info.plist"; sourceTree = "<group>"; };
		96C7C8B4162850E100CBCE12 /* main.m */ = {isa = PBXFileReference; lastKnownFileType = sourcecode.c.objc; path = main.m; sourceTree = "<group>"; };
		96C7C8B6162850E100CBCE12 /* testAccessbility-Prefix.pch */ = {isa = PBXFileReference; lastKnownFileType = sourcecode.c.h; path = "testAccessbility-Prefix.pch"; sourceTree = "<group>"; };
		96C7C8B7162850E100CBCE12 /* QCAppDelegate.h */ = {isa = PBXFileReference; lastKnownFileType = sourcecode.c.h; path = QCAppDelegate.h; sourceTree = "<group>"; };
		96C7C8B8162850E100CBCE12 /* QCAppDelegate.m */ = {isa = PBXFileReference; lastKnownFileType = sourcecode.c.objc; path = QCAppDelegate.m; sourceTree = "<group>"; };
		96C7C8BA162850E100CBCE12 /* QCViewController.h */ = {isa = PBXFileReference; lastKnownFileType = sourcecode.c.h; path = QCViewController.h; sourceTree = "<group>"; };
		96C7C8BB162850E100CBCE12 /* QCViewController.m */ = {isa = PBXFileReference; lastKnownFileType = sourcecode.c.objc; path = QCViewController.m; sourceTree = "<group>"; };
		96C7C8CC1628525E00CBCE12 /* QCXIBAccessbilityViewController.h */ = {isa = PBXFileReference; fileEncoding = 4; lastKnownFileType = sourcecode.c.h; path = QCXIBAccessbilityViewController.h; sourceTree = "<group>"; };
		96C7C8CD1628525E00CBCE12 /* QCXIBAccessbilityViewController.m */ = {isa = PBXFileReference; fileEncoding = 4; lastKnownFileType = sourcecode.c.objc; path = QCXIBAccessbilityViewController.m; sourceTree = "<group>"; };
		96C7C8CE1628525E00CBCE12 /* QCXIBAccessbilityViewController.xib */ = {isa = PBXFileReference; fileEncoding = 4; lastKnownFileType = file.xib; path = QCXIBAccessbilityViewController.xib; sourceTree = "<group>"; };
		96C7C8D11628527C00CBCE12 /* QCCustomAccessbilityViewController.h */ = {isa = PBXFileReference; fileEncoding = 4; lastKnownFileType = sourcecode.c.h; path = QCCustomAccessbilityViewController.h; sourceTree = "<group>"; };
		96C7C8D21628527C00CBCE12 /* QCCustomAccessbilityViewController.m */ = {isa = PBXFileReference; fileEncoding = 4; lastKnownFileType = sourcecode.c.objc; path = QCCustomAccessbilityViewController.m; sourceTree = "<group>"; };
		96C7C8D31628527C00CBCE12 /* QCCustomAccessbilityViewController.xib */ = {isa = PBXFileReference; fileEncoding = 4; lastKnownFileType = file.xib; path = QCCustomAccessbilityViewController.xib; sourceTree = "<group>"; };
		96C7C8E316285AE800CBCE12 /* QCCustomView.h */ = {isa = PBXFileReference; fileEncoding = 4; lastKnownFileType = sourcecode.c.h; path = QCCustomView.h; sourceTree = "<group>"; };
		96C7C8E416285AE800CBCE12 /* QCCustomView.m */ = {isa = PBXFileReference; fileEncoding = 4; lastKnownFileType = sourcecode.c.objc; path = QCCustomView.m; sourceTree = "<group>"; };
/* End PBXFileReference section */

/* Begin PBXFrameworksBuildPhase section */
		96C7C8A1162850E100CBCE12 /* Frameworks */ = {
			isa = PBXFrameworksBuildPhase;
			buildActionMask = 2147483647;
			files = (
				96C7C8A9162850E100CBCE12 /* UIKit.framework in Frameworks */,
				96C7C8AB162850E100CBCE12 /* Foundation.framework in Frameworks */,
				96C7C8AD162850E100CBCE12 /* CoreGraphics.framework in Frameworks */,
			);
			runOnlyForDeploymentPostprocessing = 0;
		};
/* End PBXFrameworksBuildPhase section */

/* Begin PBXGroup section */
		96BDC77C16B0D4010001402C /* Resources */ = {
			isa = PBXGroup;
			children = (
				96BDC77D16B0D4010001402C /* background.png */,
				96BDC77E16B0D4010001402C /* background@2x.png */,
				96BDC77F16B0D4010001402C /* Icon-144.png */,
				96BDC78016B0D4010001402C /* Icon-72.png */,
				96BDC78116B0D4010001402C /* Icon-Small-ipad.png */,
				96BDC78216B0D4010001402C /* Icon-Small-ipad@2x.png */,
				96BDC78316B0D4010001402C /* Icon-Small.png */,
				96BDC78416B0D4010001402C /* Icon-Small@2x.png */,
				96BDC78516B0D4010001402C /* iTunesArtwork */,
				96BDC78616B0D4010001402C /* iTunesArtwork@2x */,
			);
			path = Resources;
			sourceTree = "<group>";
		};
		96C7C899162850E100CBCE12 = {
			isa = PBXGroup;
			children = (
				96C7C8AE162850E100CBCE12 /* testAccessbility */,
				96C7C8A7162850E100CBCE12 /* Frameworks */,
				96C7C8A5162850E100CBCE12 /* Products */,
			);
			sourceTree = "<group>";
		};
		96C7C8A5162850E100CBCE12 /* Products */ = {
			isa = PBXGroup;
			children = (
				96C7C8A4162850E100CBCE12 /* testAccessbility.app */,
			);
			name = Products;
			sourceTree = "<group>";
		};
		96C7C8A7162850E100CBCE12 /* Frameworks */ = {
			isa = PBXGroup;
			children = (
				96C7C8A8162850E100CBCE12 /* UIKit.framework */,
				96C7C8AA162850E100CBCE12 /* Foundation.framework */,
				96C7C8AC162850E100CBCE12 /* CoreGraphics.framework */,
			);
			name = Frameworks;
			sourceTree = "<group>";
		};
		96C7C8AE162850E100CBCE12 /* testAccessbility */ = {
			isa = PBXGroup;
			children = (
				96C7C8B7162850E100CBCE12 /* QCAppDelegate.h */,
				96C7C8B8162850E100CBCE12 /* QCAppDelegate.m */,
				96C7C8BA162850E100CBCE12 /* QCViewController.h */,
				96C7C8BB162850E100CBCE12 /* QCViewController.m */,
				96BDC79716B0DD4C0001402C /* QCViewController.xib */,
				96C7C8CC1628525E00CBCE12 /* QCXIBAccessbilityViewController.h */,
				96C7C8CD1628525E00CBCE12 /* QCXIBAccessbilityViewController.m */,
				96C7C8CE1628525E00CBCE12 /* QCXIBAccessbilityViewController.xib */,
				96C7C8D11628527C00CBCE12 /* QCCustomAccessbilityViewController.h */,
				96C7C8D21628527C00CBCE12 /* QCCustomAccessbilityViewController.m */,
				96C7C8D31628527C00CBCE12 /* QCCustomAccessbilityViewController.xib */,
				96C7C8E316285AE800CBCE12 /* QCCustomView.h */,
				96C7C8E416285AE800CBCE12 /* QCCustomView.m */,
				96C7C8AF162850E100CBCE12 /* Supporting Files */,
			);
			path = testAccessbility;
			sourceTree = "<group>";
		};
		96C7C8AF162850E100CBCE12 /* Supporting Files */ = {
			isa = PBXGroup;
			children = (
				96BDC77A16B0D3F90001402C /* Default-568h@2x.png */,
				96BDC77816B0D3F60001402C /* Default@2x.png */,
				96BDC77616B0D3F30001402C /* Default.png */,
				96BDC77416B0D3EF0001402C /* Icon@2x.png */,
				96BDC77216B0D3EC0001402C /* Icon.png */,
				96BDC77C16B0D4010001402C /* Resources */,
				96C7C8B0162850E100CBCE12 /* testAccessbility-Info.plist */,
				96BDC7A716B0DDEA0001402C /* InfoPlist.strings */,
				96C7C8B4162850E100CBCE12 /* main.m */,
				96C7C8B6162850E100CBCE12 /* testAccessbility-Prefix.pch */,
			);
			name = "Supporting Files";
			sourceTree = "<group>";
		};
/* End PBXGroup section */

/* Begin PBXNativeTarget section */
		96C7C8A3162850E100CBCE12 /* testAccessbility */ = {
			isa = PBXNativeTarget;
			buildConfigurationList = 96C7C8C2162850E100CBCE12 /* Build configuration list for PBXNativeTarget "testAccessbility" */;
			buildPhases = (
				96C7C8A0162850E100CBCE12 /* Sources */,
				96C7C8A1162850E100CBCE12 /* Frameworks */,
				96C7C8A2162850E100CBCE12 /* Resources */,
			);
			buildRules = (
			);
			dependencies = (
			);
			name = testAccessbility;
			productName = testAccessbility;
			productReference = 96C7C8A4162850E100CBCE12 /* testAccessbility.app */;
			productType = "com.apple.product-type.application";
		};
/* End PBXNativeTarget section */

/* Begin PBXProject section */
		96C7C89B162850E100CBCE12 /* Project object */ = {
			isa = PBXProject;
			attributes = {
				LastUpgradeCheck = 0430;
				ORGANIZATIONNAME = PWC;
			};
			buildConfigurationList = 96C7C89E162850E100CBCE12 /* Build configuration list for PBXProject "testAccessbility" */;
			compatibilityVersion = "Xcode 3.2";
			developmentRegion = English;
			hasScannedForEncodings = 0;
			knownRegions = (
				en,
				"zh-Hans",
			);
			mainGroup = 96C7C899162850E100CBCE12;
			productRefGroup = 96C7C8A5162850E100CBCE12 /* Products */;
			projectDirPath = "";
			projectRoot = "";
			targets = (
				96C7C8A3162850E100CBCE12 /* testAccessbility */,
			);
		};
/* End PBXProject section */

/* Begin PBXResourcesBuildPhase section */
		96C7C8A2162850E100CBCE12 /* Resources */ = {
			isa = PBXResourcesBuildPhase;
			buildActionMask = 2147483647;
			files = (
				96C7C8D01628525E00CBCE12 /* QCXIBAccessbilityViewController.xib in Resources */,
				96C7C8D51628527C00CBCE12 /* QCCustomAccessbilityViewController.xib in Resources */,
				96BDC77316B0D3EC0001402C /* Icon.png in Resources */,
				96BDC77516B0D3EF0001402C /* Icon@2x.png in Resources */,
				96BDC77716B0D3F30001402C /* Default.png in Resources */,
				96BDC77916B0D3F60001402C /* Default@2x.png in Resources */,
				96BDC77B16B0D3F90001402C /* Default-568h@2x.png in Resources */,
				96BDC78916B0D4010001402C /* background.png in Resources */,
				96BDC78A16B0D4010001402C /* background@2x.png in Resources */,
				96BDC78B16B0D4010001402C /* Icon-144.png in Resources */,
				96BDC78C16B0D4010001402C /* Icon-72.png in Resources */,
				96BDC78D16B0D4010001402C /* Icon-Small-ipad.png in Resources */,
				96BDC78E16B0D4010001402C /* Icon-Small-ipad@2x.png in Resources */,
				96BDC78F16B0D4010001402C /* Icon-Small.png in Resources */,
				96BDC79016B0D4010001402C /* Icon-Small@2x.png in Resources */,
				96BDC79116B0D4010001402C /* iTunesArtwork in Resources */,
				96BDC79216B0D4010001402C /* iTunesArtwork@2x in Resources */,
				96BDC79916B0DD4C0001402C /* QCViewController.xib in Resources */,
				96BDC7A916B0DDEA0001402C /* InfoPlist.strings in Resources */,
			);
			runOnlyForDeploymentPostprocessing = 0;
		};
/* End PBXResourcesBuildPhase section */

/* Begin PBXSourcesBuildPhase section */
		96C7C8A0162850E100CBCE12 /* Sources */ = {
			isa = PBXSourcesBuildPhase;
			buildActionMask = 2147483647;
			files = (
				96C7C8B5162850E100CBCE12 /* main.m in Sources */,
				96C7C8B9162850E100CBCE12 /* QCAppDelegate.m in Sources */,
				96C7C8BC162850E100CBCE12 /* QCViewController.m in Sources */,
				96C7C8CF1628525E00CBCE12 /* QCXIBAccessbilityViewController.m in Sources */,
				96C7C8D41628527C00CBCE12 /* QCCustomAccessbilityViewController.m in Sources */,
				96C7C8E516285AE800CBCE12 /* QCCustomView.m in Sources */,
			);
			runOnlyForDeploymentPostprocessing = 0;
		};
/* End PBXSourcesBuildPhase section */

/* Begin PBXVariantGroup section */
		96BDC7A716B0DDEA0001402C /* InfoPlist.strings */ = {
			isa = PBXVariantGroup;
			children = (
				96BDC7A816B0DDEA0001402C /* en */,
				96BDC7AA16B0DDEF0001402C /* zh-Hans */,
			);
			name = InfoPlist.strings;
			sourceTree = "<group>";
		};
/* End PBXVariantGroup section */

/* Begin XCBuildConfiguration section */
		96C7C8C0162850E100CBCE12 /* Debug */ = {
			isa = XCBuildConfiguration;
			buildSettings = {
				ALWAYS_SEARCH_USER_PATHS = NO;
				ARCHS = "$(ARCHS_STANDARD_32_BIT)";
				"CODE_SIGN_IDENTITY[sdk=iphoneos*]" = "iPhone Developer";
				COPY_PHASE_STRIP = NO;
				GCC_C_LANGUAGE_STANDARD = gnu99;
				GCC_DYNAMIC_NO_PIC = NO;
				GCC_OPTIMIZATION_LEVEL = 0;
				GCC_PREPROCESSOR_DEFINITIONS = (
					"DEBUG=1",
					"$(inherited)",
				);
				GCC_SYMBOLS_PRIVATE_EXTERN = NO;
				GCC_VERSION = com.apple.compilers.llvm.clang.1_0;
				GCC_WARN_ABOUT_RETURN_TYPE = YES;
				GCC_WARN_UNINITIALIZED_AUTOS = YES;
				GCC_WARN_UNUSED_VARIABLE = YES;
				IPHONEOS_DEPLOYMENT_TARGET = 5.1;
				SDKROOT = iphoneos;
			};
			name = Debug;
		};
		96C7C8C1162850E100CBCE12 /* Release */ = {
			isa = XCBuildConfiguration;
			buildSettings = {
				ALWAYS_SEARCH_USER_PATHS = NO;
				ARCHS = "$(ARCHS_STANDARD_32_BIT)";
				"CODE_SIGN_IDENTITY[sdk=iphoneos*]" = "iPhone Developer";
				COPY_PHASE_STRIP = YES;
				GCC_C_LANGUAGE_STANDARD = gnu99;
				GCC_VERSION = com.apple.compilers.llvm.clang.1_0;
				GCC_WARN_ABOUT_RETURN_TYPE = YES;
				GCC_WARN_UNINITIALIZED_AUTOS = YES;
				GCC_WARN_UNUSED_VARIABLE = YES;
				IPHONEOS_DEPLOYMENT_TARGET = 5.1;
				OTHER_CFLAGS = "-DNS_BLOCK_ASSERTIONS=1";
				SDKROOT = iphoneos;
				VALIDATE_PRODUCT = YES;
			};
			name = Release;
		};
		96C7C8C3162850E100CBCE12 /* Debug */ = {
			isa = XCBuildConfiguration;
			buildSettings = {
				CODE_SIGN_IDENTITY = "iPhone Developer: 渊 李 (Q346HU2J3D)";
				"CODE_SIGN_IDENTITY[sdk=iphoneos*]" = "iPhone Developer: 渊 李 (Q346HU2J3D)";
				GCC_PRECOMPILE_PREFIX_HEADER = YES;
				GCC_PREFIX_HEADER = "testAccessbility/testAccessbility-Prefix.pch";
				INFOPLIST_FILE = "testAccessbility/testAccessbility-Info.plist";
				IPHONEOS_DEPLOYMENT_TARGET = 4.3;
				PRODUCT_NAME = "$(TARGET_NAME)";
				PROVISIONING_PROFILE = "D464558A-67B9-4D09-B042-9AC552E69C75";
				"PROVISIONING_PROFILE[sdk=iphoneos*]" = "D464558A-67B9-4D09-B042-9AC552E69C75";
				WRAPPER_EXTENSION = app;
			};
			name = Debug;
		};
		96C7C8C4162850E100CBCE12 /* Release */ = {
			isa = XCBuildConfiguration;
			buildSettings = {
				CODE_SIGN_IDENTITY = "iPhone Developer: 渊 李 (Q346HU2J3D)";
				"CODE_SIGN_IDENTITY[sdk=iphoneos*]" = "iPhone Developer: 渊 李 (Q346HU2J3D)";
				GCC_PRECOMPILE_PREFIX_HEADER = YES;
				GCC_PREFIX_HEADER = "testAccessbility/testAccessbility-Prefix.pch";
				INFOPLIST_FILE = "testAccessbility/testAccessbility-Info.plist";
				IPHONEOS_DEPLOYMENT_TARGET = 4.3;
				PRODUCT_NAME = "$(TARGET_NAME)";
				PROVISIONING_PROFILE = "D464558A-67B9-4D09-B042-9AC552E69C75";
				"PROVISIONING_PROFILE[sdk=iphoneos*]" = "D464558A-67B9-4D09-B042-9AC552E69C75";
				WRAPPER_EXTENSION = app;
			};
			name = Release;
		};
/* End XCBuildConfiguration section */

/* Begin XCConfigurationList section */
		96C7C89E162850E100CBCE12 /* Build configuration list for PBXProject "testAccessbility" */ = {
			isa = XCConfigurationList;
			buildConfigurations = (
				96C7C8C0162850E100CBCE12 /* Debug */,
				96C7C8C1162850E100CBCE12 /* Release */,
			);
			defaultConfigurationIsVisible = 0;
			defaultConfigurationName = Release;
		};
		96C7C8C2162850E100CBCE12 /* Build configuration list for PBXNativeTarget "testAccessbility" */ = {
			isa = XCConfigurationList;
			buildConfigurations = (
				96C7C8C3162850E100CBCE12 /* Debug */,
				96C7C8C4162850E100CBCE12 /* Release */,
			);
			defaultConfigurationIsVisible = 0;
			defaultConfigurationName = Release;
		};
/* End XCConfigurationList section */
	};
	rootObject = 96C7C89B162850E100CBCE12 /* Project object */;
}
